
Microsoft Visual Studio Solution File, Format Version 12.00
# Visual Studio Version 17
VisualStudioVersion = 17.3.32929.385
MinimumVisualStudioVersion = 10.0.40219.1
Project("{FAE04EC0-301F-11D3-BF4B-00C04F79EFBC}") = "lab7", "lab7.csproj", "{F7AF4554-B0C8-4480-9455-BD0927FB1B4B}"
EndProject
Global
	GlobalSection(SolutionConfigurationPlatforms) = preSolution
		Debug|Any CPU = Debug|Any CPU
		Release|Any CPU = Release|Any CPU
	EndGlobalSection
	GlobalSection(ProjectConfigurationPlatforms) = postSolution
		{F7AF4554-B0C8-4480-9455-BD0927FB1B4B}.Debug|Any CPU.ActiveCfg = Debug|Any CPU
		{F7AF4554-B0C8-4480-9455-BD0927FB1B4B}.Debug|Any CPU.Build.0 = Debug|Any CPU
		{F7AF4554-B0C8-4480-9455-BD0927FB1B4B}.Release|Any CPU.ActiveCfg = Release|Any CPU
		{F7AF4554-B0C8-4480-9455-BD0927FB1B4B}.Release|Any CPU.Build.0 = Release|Any CPU
	EndGlobalSection
	GlobalSection(SolutionProperties) = preSolution
		HideSolutionNode = FALSE
	EndGlobalSection
	GlobalSection(ExtensibilityGlobals) = postSolution
		SolutionGuid = {A83BBFA1-B401-4627-B776-C9B5EED3B2B5}
	EndGlobalSection
EndGlobal
